// !$*UTF8*$!
{
	archiveVersion = 1;
	classes = {
	};
	objectVersion = 60;
	objects = {

/* Begin PBXFileReference section */
		DA0001000000000000000001 /* ReadListenApp.swift */ = {isa = PBXFileReference; lastKnownFileType = sourcecode.swift; path = ReadListenApp.swift; sourceTree = "<group>"; };
		DA0001010000000000000002 /* ContentView.swift */ = {isa = PBXFileReference; lastKnownFileType = sourcecode.swift; path = Views/ContentView.swift; sourceTree = "<group>"; };
		DA0001020000000000000003 /* Models.swift */ = {isa = PBXFileReference; lastKnownFileType = sourcecode.swift; path = Models/Models.swift; sourceTree = "<group>"; };
		DA0001030000000000000004 /* LibraryViewModel.swift */ = {isa = PBXFileReference; lastKnownFileType = sourcecode.swift; path = ViewModels/LibraryViewModel.swift; sourceTree = "<group>"; };
		DA0001040000000000000005 /* StorageService.swift */ = {isa = PBXFileReference; lastKnownFileType = sourcecode.swift; path = Services/StorageService.swift; sourceTree = "<group>"; };
		DA0001050000000000000006 /* MetadataService.swift */ = {isa = PBXFileReference; lastKnownFileType = sourcecode.swift; path = Services/MetadataService.swift; sourceTree = "<group>"; };
		DA0001060000000000000007 /* LiquidGlassHelpers.swift */ = {isa = PBXFileReference; lastKnownFileType = sourcecode.swift; path = Extensions/LiquidGlassHelpers.swift; sourceTree = "<group>"; };
		DA0001070000000000000008 /* LibraryView.swift */ = {isa = PBXFileReference; lastKnownFileType = sourcecode.swift; path = Views/LibraryView.swift; sourceTree = "<group>"; };
		DA0001080000000000000009 /* AudioPlayerView.swift */ = {isa = PBXFileReference; lastKnownFileType = sourcecode.swift; path = Views/AudioPlayerView.swift; sourceTree = "<group>"; };
		DA000109000000000000000A /* SettingsView.swift */ = {isa = PBXFileReference; lastKnownFileType = sourcecode.swift; path = Views/SettingsView.swift; sourceTree = "<group>"; };
		DA000110000000000000000B /* ReaderView.swift */ = {isa = PBXFileReference; lastKnownFileType = sourcecode.swift; path = Views/ReaderView.swift; sourceTree = "<group>"; };
		DA000111000000000000000C /* AudioPlayerViewModel.swift */ = {isa = PBXFileReference; lastKnownFileType = sourcecode.swift; path = ViewModels/AudioPlayerViewModel.swift; sourceTree = "<group>"; };
		DA000112000000000000000D /* SettingsViewModel.swift */ = {isa = PBXFileReference; lastKnownFileType = sourcecode.swift; path = ViewModels/SettingsViewModel.swift; sourceTree = "<group>"; };
		DA000113000000000000000E /* CoverPickerView.swift */ = {isa = PBXFileReference; lastKnownFileType = sourcecode.swift; path = Views/CoverPickerView.swift; sourceTree = "<group>"; };
		DA000114000000000000000F /* Info.plist */ = {isa = PBXFileReference; lastKnownFileType = text.plist; path = Info.plist; sourceTree = "<group>"; };
		DA000115000000000000000G /* README.md */ = {isa = PBXFileReference; lastKnownFileType = text.markdown; path = README.md; sourceTree = "<group>"; };
/* End PBXFileReference section */

/* Begin PBXGroup section */
		DA000001000000000000001 /* ReadListenApp */ = {
			isa = PBXGroup;
			children = (
				DA0001000000000000000001 /* ReadListenApp.swift */,
				DA000114000000000000000F /* Info.plist */,
				DA000115000000000000000G /* README.md */,
				DA000201000000000000001 /* Models */,
				DA000202000000000000001 /* ViewModels */,
				DA000203000000000000001 /* Views */,
				DA000204000000000000001 /* Services */,
				DA000205000000000000001 /* Extensions */,
			);
			path = ReadListenApp;
			sourceTree = "<group>";
		};
		DA000201000000000000001 /* Models */ = {
			isa = PBXGroup;
			children = (
				DA0001020000000000000003 /* Models.swift */,
			);
			path = Models;
			sourceTree = "<group>";
		};
		DA000202000000000000001 /* ViewModels */ = {
			isa = PBXGroup;
			children = (
				DA0001030000000000000004 /* LibraryViewModel.swift */,
				DA000111000000000000000C /* AudioPlayerViewModel.swift */,
				DA000112000000000000000D /* SettingsViewModel.swift */,
			);
			path = ViewModels;
			sourceTree = "<group>";
		};
		DA000203000000000000001 /* Views */ = {
			isa = PBXGroup;
			children = (
				DA0001010000000000000002 /* ContentView.swift */,
				DA0001070000000000000008 /* LibraryView.swift */,
				DA0001080000000000000009 /* AudioPlayerView.swift */,
				DA000109000000000000000A /* SettingsView.swift */,
				DA000110000000000000000B /* ReaderView.swift */,
				DA000113000000000000000E /* CoverPickerView.swift */,
			);
			path = Views;
			sourceTree = "<group>";
		};
		DA000204000000000000001 /* Services */ = {
			isa = PBXGroup;
			children = (
				DA0001040000000000000005 /* StorageService.swift */,
				DA0001050000000000000006 /* MetadataService.swift */,
			);
			path = Services;
			sourceTree = "<group>";
		};
		DA000205000000000000001 /* Extensions */ = {
			isa = PBXGroup;
			children = (
				DA0001060000000000000007 /* LiquidGlassHelpers.swift */,
			);
			path = Extensions;
			sourceTree = "<group>";
		};
/* End PBXGroup section */

	};
	rootObject = DA000000000000000000000 /* Project object */;
}
